{
  "name": "treasure-extractor",
  "version": "1.0.0",
  "lockfileVersion": 1,
  "requires": true,
  "dependencies": {
    "booru": {
      "version": "2.4.0",
      "resolved": "https://registry.npmjs.org/booru/-/booru-2.4.0.tgz",
      "integrity": "sha512-CYawPyAd4l7JA5tq4HmTbu9xAB146aFyQ2xfhU+lHvg28+fsIP8XD2Al/VY9rgQqdE78EvaR2Lvc1AhbsSdSbA==",
      "requires": {
        "fast-xml-parser": "^3.17.4",
        "node-fetch": "^2.6.1"
      }
    },
    "fast-xml-parser": {
      "version": "3.17.6",
      "resolved": "https://registry.npmjs.org/fast-xml-parser/-/fast-xml-parser-3.17.6.tgz",
      "integrity": "sha512-40WHI/5d2MOzf1sD2bSaTXlPn1lueJLAX6j1xH5dSAr6tNeut8B9ktEL6sjAK9yVON4uNj9//axOdBJUuruCzw=="
    },
    "node-fetch": {
      "version": "2.6.1",
      "resolved": "https://registry.npmjs.org/node-fetch/-/node-fetch-2.6.1.tgz",
      "integrity": "sha512-V4aYg89jEoVRxRb2fJdAg8FHvI7cEyYdVAh94HH0UIK8oJxUfkjlDQN9RbMx+bEjP7+ggMiFRprSti032Oipxw=="
    }
  }
}
